{
  "requires": true,
  "lockfileVersion": 1,
  "dependencies": {
    "ansi-regex": {
      "version": "1.1.1",
      "resolved": "https://registry.npmjs.org/ansi-regex/-/ansi-regex-1.1.1.tgz",
      "integrity": "sha1-QchHGUZGN15qGl0Qw8oFTvn8mA0="
    },
    "clone": {
      "version": "1.0.4",
      "resolved": "https://registry.npmjs.org/clone/-/clone-1.0.4.tgz",
      "integrity": "sha1-2jCcwmPfFZlMaIypAheco8fNfH4="
    },
    "columnify": {
      "version": "1.5.1",
      "resolved": "https://registry.npmjs.org/columnify/-/columnify-1.5.1.tgz",
      "integrity": "sha1-Ff3agDo4dfh/nTArO8goky1mQAM=",
      "requires": {
        "strip-ansi": "^2.0.1",
        "wcwidth": "^1.0.0"
      }
    },
    "defaults": {
      "version": "1.0.3",
      "resolved": "https://registry.npmjs.org/defaults/-/defaults-1.0.3.tgz",
      "integrity": "sha1-xlYFHpgX2f8I7YgUd/P+QBnz730=",
      "requires": {
        "clone": "^1.0.2"
      }
    },
    "emoji-picker-element": {
      "version": "1.8.2",
      "resolved": "https://registry.npmjs.org/emoji-picker-element/-/emoji-picker-element-1.8.2.tgz",
      "integrity": "sha512-XNSuntOOz1+JBklOqj+tqJqbInp88i12JXv0ZyQNCaHlkAlUf7Ak9e857S/uVTFlVtA6pJ6qeXLxvMdrL0ngFQ=="
    },
    "lodash": {
      "version": "4.17.21",
      "resolved": "https://registry.npmjs.org/lodash/-/lodash-4.17.21.tgz",
      "integrity": "sha512-v2kDEe57lecTulaDIuNTPy3Ry4gLGJ6Z1O3vE1krgXZNrsQ+LFTGHVxVjcXPs17LhbZVGedAJv8XZ1tvj5FvSg=="
    },
    "node-emoji": {
      "version": "1.11.0",
      "resolved": "https://registry.npmjs.org/node-emoji/-/node-emoji-1.11.0.tgz",
      "integrity": "sha512-wo2DpQkQp7Sjm2A0cq+sN7EHKO6Sl0ctXeBdFZrL9T9+UywORbufTcTZxom8YqpLQt/FqNMUkOpkZrJVYSKD3A==",
      "requires": {
        "lodash": "^4.17.21"
      }
    },
    "scrollable-component": {
      "version": "1.1.2",
      "resolved": "https://registry.npmjs.org/scrollable-component/-/scrollable-component-1.1.2.tgz",
      "integrity": "sha512-gEofj74MzfgrKSSswvBpsthvaivyqvcG+rAxclbsXljgJ6LANzlCEx0FiJBLFeNoo+K7aHtBmW+1i10ByCYfLg=="
    },
    "strip-ansi": {
      "version": "2.0.1",
      "resolved": "https://registry.npmjs.org/strip-ansi/-/strip-ansi-2.0.1.tgz",
      "integrity": "sha1-32LBqpTtLxFOHQ8h/R1QSCt5pg4=",
      "requires": {
        "ansi-regex": "^1.0.0"
      }
    },
    "unicode-emoji": {
      "version": "2.3.0",
      "resolved": "https://registry.npmjs.org/unicode-emoji/-/unicode-emoji-2.3.0.tgz",
      "integrity": "sha512-XfgzxY9hUAXlZdkR8X+QdeQ4yV9gUs6qVYDncBiJiCEJ74mhVxEEdXz2slZU9ahQGUscKO1Aqo6PGLTu4Cgb7g=="
    },
    "unicode-emoji-picker": {
      "version": "1.2.0",
      "resolved": "https://registry.npmjs.org/unicode-emoji-picker/-/unicode-emoji-picker-1.2.0.tgz",
      "integrity": "sha512-DTzXDbsPC3WiTDLMc3JzwAYem78Yb+Zc4JfVXwF0AdkHQDZD/t+h22e3nGdDMhc8rnCLBv/xo6DEJxdVGN7mjA==",
      "requires": {
        "scrollable-component": "^1.1.2",
        "unicode-emoji": "^2.3.0"
      }
    },
    "wcwidth": {
      "version": "1.0.1",
      "resolved": "https://registry.npmjs.org/wcwidth/-/wcwidth-1.0.1.tgz",
      "integrity": "sha1-8LDc+RW8X/FSivrbLA4XtTLaL+g=",
      "requires": {
        "defaults": "^1.0.3"
      }
    }
  }
}
